{
  "name": "hello-world-ts",
  "version": "1.0.0",
  "lockfileVersion": 1,
  "dependencies": {
    "@types/lodash": {
      "version": "4.14.68",
      "resolved": "https://registry.npmjs.org/@types/lodash/-/lodash-4.14.68.tgz",
      "integrity": "sha512-tndmbhJc7EeymtvgcZ0oX2H0P95VcT1FlAoeki3bl71DqL9zA/tbJcMZyR1kJkHDvr+57I7+gsn+BVPHIqgcbQ==",
      "dev": true
    },
    "lodash": {
      "version": "4.14.2",
      "resolved": "https://registry.npmjs.org/lodash/-/lodash-4.14.2.tgz",
      "integrity": "sha1-u8zOY3OkAPv9CoxnykL20e9BZDI="
    },
    "node-typescript": {
      "version": "0.1.3",
      "resolved": "https://registry.npmjs.org/node-typescript/-/node-typescript-0.1.3.tgz",
      "integrity": "sha1-xXkj8OMvONfGPmJ9iPeYSvIyfVo=",
      "dependencies": {
        "typescript": {
          "version": "0.8.3",
          "resolved": "https://registry.npmjs.org/typescript/-/typescript-0.8.3.tgz",
          "integrity": "sha1-oWpNWtl7s1sG3jucn7awO2j7AOQ="
        }
      }
    },
    "typescript": {
      "version": "2.4.1",
      "resolved": "https://registry.npmjs.org/typescript/-/typescript-2.4.1.tgz",
      "integrity": "sha1-w8yxbdqgsjFN4DHn5v7onlujRrw="
    }
  }
}
